{
  "name": "@veryan/lit-spa-demo",
  "version": "0.1.4",
  "lockfileVersion": 1,
  "requires": true,
  "dependencies": {
    "@types/highlight.js": {
      "version": "10.1.0",
      "resolved": "https://registry.npmjs.org/@types/highlight.js/-/highlight.js-10.1.0.tgz",
      "integrity": "sha512-77hF2dGBsOgnvZll1vymYiNUtqJ8cJfXPD6GG/2M0aLRc29PkvB7Au6sIDjIEFcSICBhCh2+Pyq6WSRS7LUm6A==",
      "dev": true,
      "requires": {
        "highlight.js": "*"
      }
    },
    "highlight.js": {
      "version": "11.8.0",
      "resolved": "https://registry.npmjs.org/highlight.js/-/highlight.js-11.8.0.tgz",
      "integrity": "sha512-MedQhoqVdr0U6SSnWPzfiadUcDHfN/Wzq25AkXiQv9oiOO/sG0S7XkvpFIqWBl9Yq1UYyYOOVORs5UW2XlPyzg=="
    }
  }
}
